// !$*UTF8*$!
{
	archiveVersion = 1;
	classes = {
	};
	objectVersion = 50;
	objects = {

/* Begin PBXBuildFile section */
		5AC79F3725142BA700FD1D88 /* AppDelegate.swift in Sources */ = {isa = PBXBuildFile; fileRef = 5AC79F3625142BA700FD1D88 /* AppDelegate.swift */; };
		5AC79F3925142BA700FD1D88 /* SceneDelegate.swift in Sources */ = {isa = PBXBuildFile; fileRef = 5AC79F3825142BA700FD1D88 /* SceneDelegate.swift */; };
		5AC79F3E25142BA700FD1D88 /* Main.storyboard in Resources */ = {isa = PBXBuildFile; fileRef = 5AC79F3C25142BA700FD1D88 /* Main.storyboard */; };
		5AC79F4125142BA700FD1D88 /* Hogwarts.xcdatamodeld in Sources */ = {isa = PBXBuildFile; fileRef = 5AC79F3F25142BA700FD1D88 /* Hogwarts.xcdatamodeld */; };
		5AC79F4325142BAD00FD1D88 /* Assets.xcassets in Resources */ = {isa = PBXBuildFile; fileRef = 5AC79F4225142BAD00FD1D88 /* Assets.xcassets */; };
		5AC79F4625142BAD00FD1D88 /* LaunchScreen.storyboard in Resources */ = {isa = PBXBuildFile; fileRef = 5AC79F4425142BAD00FD1D88 /* LaunchScreen.storyboard */; };
		5AD09B3A25142EAA0009C4DE /* CoreDataStack.swift in Sources */ = {isa = PBXBuildFile; fileRef = 5AD09B3925142EAA0009C4DE /* CoreDataStack.swift */; };
		5AD09B3C25142FDA0009C4DE /* HouseGuest+Convenience.swift in Sources */ = {isa = PBXBuildFile; fileRef = 5AD09B3B25142FDA0009C4DE /* HouseGuest+Convenience.swift */; };
		5AD09B3E251431C50009C4DE /* HouseGuestController.swift in Sources */ = {isa = PBXBuildFile; fileRef = 5AD09B3D251431C50009C4DE /* HouseGuestController.swift */; };
		5AD09B40251438D10009C4DE /* MainTableViewController.swift in Sources */ = {isa = PBXBuildFile; fileRef = 5AD09B3F251438D10009C4DE /* MainTableViewController.swift */; };
		5AD09B4325143BEA0009C4DE /* HouseGuestTableViewCell.swift in Sources */ = {isa = PBXBuildFile; fileRef = 5AD09B4225143BEA0009C4DE /* HouseGuestTableViewCell.swift */; };
/* End PBXBuildFile section */

/* Begin PBXFileReference section */
		5AC79F3325142BA700FD1D88 /* Hogwarts.app */ = {isa = PBXFileReference; explicitFileType = wrapper.application; includeInIndex = 0; path = Hogwarts.app; sourceTree = BUILT_PRODUCTS_DIR; };
		5AC79F3625142BA700FD1D88 /* AppDelegate.swift */ = {isa = PBXFileReference; lastKnownFileType = sourcecode.swift; path = AppDelegate.swift; sourceTree = "<group>"; };
		5AC79F3825142BA700FD1D88 /* SceneDelegate.swift */ = {isa = PBXFileReference; lastKnownFileType = sourcecode.swift; path = SceneDelegate.swift; sourceTree = "<group>"; };
		5AC79F3D25142BA700FD1D88 /* Base */ = {isa = PBXFileReference; lastKnownFileType = file.storyboard; name = Base; path = Base.lproj/Main.storyboard; sourceTree = "<group>"; };
		5AC79F4025142BA700FD1D88 /* Hogwarts.xcdatamodel */ = {isa = PBXFileReference; lastKnownFileType = wrapper.xcdatamodel; path = Hogwarts.xcdatamodel; sourceTree = "<group>"; };
		5AC79F4225142BAD00FD1D88 /* Assets.xcassets */ = {isa = PBXFileReference; lastKnownFileType = folder.assetcatalog; path = Assets.xcassets; sourceTree = "<group>"; };
		5AC79F4525142BAD00FD1D88 /* Base */ = {isa = PBXFileReference; lastKnownFileType = file.storyboard; name = Base; path = Base.lproj/LaunchScreen.storyboard; sourceTree = "<group>"; };
		5AC79F4725142BAD00FD1D88 /* Info.plist */ = {isa = PBXFileReference; lastKnownFileType = text.plist.xml; path = Info.plist; sourceTree = "<group>"; };
		5AD09B3925142EAA0009C4DE /* CoreDataStack.swift */ = {isa = PBXFileReference; lastKnownFileType = sourcecode.swift; path = CoreDataStack.swift; sourceTree = "<group>"; };
		5AD09B3B25142FDA0009C4DE /* HouseGuest+Convenience.swift */ = {isa = PBXFileReference; lastKnownFileType = sourcecode.swift; path = "HouseGuest+Convenience.swift"; sourceTree = "<group>"; };
		5AD09B3D251431C50009C4DE /* HouseGuestController.swift */ = {isa = PBXFileReference; lastKnownFileType = sourcecode.swift; path = HouseGuestController.swift; sourceTree = "<group>"; };
		5AD09B3F251438D10009C4DE /* MainTableViewController.swift */ = {isa = PBXFileReference; lastKnownFileType = sourcecode.swift; path = MainTableViewController.swift; sourceTree = "<group>"; };
		5AD09B4225143BEA0009C4DE /* HouseGuestTableViewCell.swift */ = {isa = PBXFileReference; lastKnownFileType = sourcecode.swift; path = HouseGuestTableViewCell.swift; sourceTree = "<group>"; };
/* End PBXFileReference section */

/* Begin PBXFrameworksBuildPhase section */
		5AC79F3025142BA700FD1D88 /* Frameworks */ = {
			isa = PBXFrameworksBuildPhase;
			buildActionMask = 2147483647;
			files = (
			);
			runOnlyForDeploymentPostprocessing = 0;
		};
/* End PBXFrameworksBuildPhase section */

/* Begin PBXGroup section */
		5AC79F2A25142BA700FD1D88 = {
			isa = PBXGroup;
			children = (
				5AC79F3525142BA700FD1D88 /* Hogwarts */,
				5AC79F3425142BA700FD1D88 /* Products */,
			);
			sourceTree = "<group>";
		};
		5AC79F3425142BA700FD1D88 /* Products */ = {
			isa = PBXGroup;
			children = (
				5AC79F3325142BA700FD1D88 /* Hogwarts.app */,
			);
			name = Products;
			sourceTree = "<group>";
		};
		5AC79F3525142BA700FD1D88 /* Hogwarts */ = {
			isa = PBXGroup;
			children = (
				5AD09B4125143BCD0009C4DE /* Custom Views */,
				5AC79F4E25142C5100FD1D88 /* Model */,
				5AC79F4F25142C5B00FD1D88 /* Controllers */,
				5AC79F5025142C7200FD1D88 /* Views */,
				5AC79F4D25142C0300FD1D88 /* Resources */,
				5AC79F3F25142BA700FD1D88 /* Hogwarts.xcdatamodeld */,
			);
			path = Hogwarts;
			sourceTree = "<group>";
		};
		5AC79F4D25142C0300FD1D88 /* Resources */ = {
			isa = PBXGroup;
			children = (
				5AC79F3625142BA700FD1D88 /* AppDelegate.swift */,
				5AC79F3825142BA700FD1D88 /* SceneDelegate.swift */,
				5AC79F4225142BAD00FD1D88 /* Assets.xcassets */,
				5AC79F4425142BAD00FD1D88 /* LaunchScreen.storyboard */,
				5AC79F4725142BAD00FD1D88 /* Info.plist */,
			);
			path = Resources;
			sourceTree = "<group>";
		};
		5AC79F4E25142C5100FD1D88 /* Model */ = {
			isa = PBXGroup;
			children = (
				5AD09B3925142EAA0009C4DE /* CoreDataStack.swift */,
				5AD09B3B25142FDA0009C4DE /* HouseGuest+Convenience.swift */,
			);
			path = Model;
			sourceTree = "<group>";
		};
		5AC79F4F25142C5B00FD1D88 /* Controllers */ = {
			isa = PBXGroup;
			children = (
				5AD09B3825142CCB0009C4DE /* Model Controllers */,
				5AD09B3725142CC00009C4DE /* View Controllers */,
			);
			path = Controllers;
			sourceTree = "<group>";
		};
		5AC79F5025142C7200FD1D88 /* Views */ = {
			isa = PBXGroup;
			children = (
				5AC79F5125142C8800FD1D88 /* StoryBoard */,
			);
			path = Views;
			sourceTree = "<group>";
		};
		5AC79F5125142C8800FD1D88 /* StoryBoard */ = {
			isa = PBXGroup;
			children = (
				5AC79F3C25142BA700FD1D88 /* Main.storyboard */,
			);
			path = StoryBoard;
			sourceTree = "<group>";
		};
		5AD09B3725142CC00009C4DE /* View Controllers */ = {
			isa = PBXGroup;
			children = (
				5AD09B3F251438D10009C4DE /* MainTableViewController.swift */,
			);
			path = "View Controllers";
			sourceTree = "<group>";
		};
		5AD09B3825142CCB0009C4DE /* Model Controllers */ = {
			isa = PBXGroup;
			children = (
				5AD09B3D251431C50009C4DE /* HouseGuestController.swift */,
			);
			path = "Model Controllers";
			sourceTree = "<group>";
		};
		5AD09B4125143BCD0009C4DE /* Custom Views */ = {
			isa = PBXGroup;
			children = (
				5AD09B4225143BEA0009C4DE /* HouseGuestTableViewCell.swift */,
			);
			path = "Custom Views";
			sourceTree = "<group>";
		};
/* End PBXGroup section */

/* Begin PBXNativeTarget section */
		5AC79F3225142BA700FD1D88 /* Hogwarts */ = {
			isa = PBXNativeTarget;
			buildConfigurationList = 5AC79F4A25142BAD00FD1D88 /* Build configuration list for PBXNativeTarget "Hogwarts" */;
			buildPhases = (
				5AC79F2F25142BA700FD1D88 /* Sources */,
				5AC79F3025142BA700FD1D88 /* Frameworks */,
				5AC79F3125142BA700FD1D88 /* Resources */,
			);
			buildRules = (
			);
			dependencies = (
			);
			name = Hogwarts;
			productName = Hogwarts;
			productReference = 5AC79F3325142BA700FD1D88 /* Hogwarts.app */;
			productType = "com.apple.product-type.application";
		};
/* End PBXNativeTarget section */

/* Begin PBXProject section */
		5AC79F2B25142BA700FD1D88 /* Project object */ = {
			isa = PBXProject;
			attributes = {
				LastSwiftUpdateCheck = 1170;
				LastUpgradeCheck = 1170;
				ORGANIZATIONNAME = "Kaleb  Carrizoza";
				TargetAttributes = {
					5AC79F3225142BA700FD1D88 = {
						CreatedOnToolsVersion = 11.7;
					};
				};
			};
			buildConfigurationList = 5AC79F2E25142BA700FD1D88 /* Build configuration list for PBXProject "Hogwarts" */;
			compatibilityVersion = "Xcode 9.3";
			developmentRegion = en;
			hasScannedForEncodings = 0;
			knownRegions = (
				en,
				Base,
			);
			mainGroup = 5AC79F2A25142BA700FD1D88;
			productRefGroup = 5AC79F3425142BA700FD1D88 /* Products */;
			projectDirPath = "";
			projectRoot = "";
			targets = (
				5AC79F3225142BA700FD1D88 /* Hogwarts */,
			);
		};
/* End PBXProject section */

/* Begin PBXResourcesBuildPhase section */
		5AC79F3125142BA700FD1D88 /* Resources */ = {
			isa = PBXResourcesBuildPhase;
			buildActionMask = 2147483647;
			files = (
				5AC79F4625142BAD00FD1D88 /* LaunchScreen.storyboard in Resources */,
				5AC79F4325142BAD00FD1D88 /* Assets.xcassets in Resources */,
				5AC79F3E25142BA700FD1D88 /* Main.storyboard in Resources */,
			);
			runOnlyForDeploymentPostprocessing = 0;
		};
/* End PBXResourcesBuildPhase section */

/* Begin PBXSourcesBuildPhase section */
		5AC79F2F25142BA700FD1D88 /* Sources */ = {
			isa = PBXSourcesBuildPhase;
			buildActionMask = 2147483647;
			files = (
				5AC79F4125142BA700FD1D88 /* Hogwarts.xcdatamodeld in Sources */,
				5AD09B3E251431C50009C4DE /* HouseGuestController.swift in Sources */,
				5AD09B3C25142FDA0009C4DE /* HouseGuest+Convenience.swift in Sources */,
				5AC79F3725142BA700FD1D88 /* AppDelegate.swift in Sources */,
				5AC79F3925142BA700FD1D88 /* SceneDelegate.swift in Sources */,
				5AD09B3A25142EAA0009C4DE /* CoreDataStack.swift in Sources */,
				5AD09B40251438D10009C4DE /* MainTableViewController.swift in Sources */,
				5AD09B4325143BEA0009C4DE /* HouseGuestTableViewCell.swift in Sources */,
			);
			runOnlyForDeploymentPostprocessing = 0;
		};
/* End PBXSourcesBuildPhase section */

/* Begin PBXVariantGroup section */
		5AC79F3C25142BA700FD1D88 /* Main.storyboard */ = {
			isa = PBXVariantGroup;
			children = (
				5AC79F3D25142BA700FD1D88 /* Base */,
			);
			name = Main.storyboard;
			sourceTree = "<group>";
		};
		5AC79F4425142BAD00FD1D88 /* LaunchScreen.storyboard */ = {
			isa = PBXVariantGroup;
			children = (
				5AC79F4525142BAD00FD1D88 /* Base */,
			);
			name = LaunchScreen.storyboard;
			sourceTree = "<group>";
		};
/* End PBXVariantGroup section */

/* Begin XCBuildConfiguration section */
		5AC79F4825142BAD00FD1D88 /* Debug */ = {
			isa = XCBuildConfiguration;
			buildSettings = {
				ALWAYS_SEARCH_USER_PATHS = NO;
				CLANG_ANALYZER_NONNULL = YES;
				CLANG_ANALYZER_NUMBER_OBJECT_CONVERSION = YES_AGGRESSIVE;
				CLANG_CXX_LANGUAGE_STANDARD = "gnu++14";
				CLANG_CXX_LIBRARY = "libc++";
				CLANG_ENABLE_MODULES = YES;
				CLANG_ENABLE_OBJC_ARC = YES;
				CLANG_ENABLE_OBJC_WEAK = YES;
				CLANG_WARN_BLOCK_CAPTURE_AUTORELEASING = YES;
				CLANG_WARN_BOOL_CONVERSION = YES;
				CLANG_WARN_COMMA = YES;
				CLANG_WARN_CONSTANT_CONVERSION = YES;
				CLANG_WARN_DEPRECATED_OBJC_IMPLEMENTATIONS = YES;
				CLANG_WARN_DIRECT_OBJC_ISA_USAGE = YES_ERROR;
				CLANG_WARN_DOCUMENTATION_COMMENTS = YES;
				CLANG_WARN_EMPTY_BODY = YES;
				CLANG_WARN_ENUM_CONVERSION = YES;
				CLANG_WARN_INFINITE_RECURSION = YES;
				CLANG_WARN_INT_CONVERSION = YES;
				CLANG_WARN_NON_LITERAL_NULL_CONVERSION = YES;
				CLANG_WARN_OBJC_IMPLICIT_RETAIN_SELF = YES;
				CLANG_WARN_OBJC_LITERAL_CONVERSION = YES;
				CLANG_WARN_OBJC_ROOT_CLASS = YES_ERROR;
				CLANG_WARN_RANGE_LOOP_ANALYSIS = YES;
				CLANG_WARN_STRICT_PROTOTYPES = YES;
				CLANG_WARN_SUSPICIOUS_MOVE = YES;
				CLANG_WARN_UNGUARDED_AVAILABILITY = YES_AGGRESSIVE;
				CLANG_WARN_UNREACHABLE_CODE = YES;
				CLANG_WARN__DUPLICATE_METHOD_MATCH = YES;
				COPY_PHASE_STRIP = NO;
				DEBUG_INFORMATION_FORMAT = dwarf;
				ENABLE_STRICT_OBJC_MSGSEND = YES;
				ENABLE_TESTABILITY = YES;
				GCC_C_LANGUAGE_STANDARD = gnu11;
				GCC_DYNAMIC_NO_PIC = NO;
				GCC_NO_COMMON_BLOCKS = YES;
				GCC_OPTIMIZATION_LEVEL = 0;
				GCC_PREPROCESSOR_DEFINITIONS = (
					"DEBUG=1",
					"$(inherited)",
				);
				GCC_WARN_64_TO_32_BIT_CONVERSION = YES;
				GCC_WARN_ABOUT_RETURN_TYPE = YES_ERROR;
				GCC_WARN_UNDECLARED_SELECTOR = YES;
				GCC_WARN_UNINITIALIZED_AUTOS = YES_AGGRESSIVE;
				GCC_WARN_UNUSED_FUNCTION = YES;
				GCC_WARN_UNUSED_VARIABLE = YES;
				IPHONEOS_DEPLOYMENT_TARGET = 13.7;
				MTL_ENABLE_DEBUG_INFO = INCLUDE_SOURCE;
				MTL_FAST_MATH = YES;
				ONLY_ACTIVE_ARCH = YES;
				SDKROOT = iphoneos;
				SWIFT_ACTIVE_COMPILATION_CONDITIONS = DEBUG;
				SWIFT_OPTIMIZATION_LEVEL = "-Onone";
			};
			name = Debug;
		};
		5AC79F4925142BAD00FD1D88 /* Release */ = {
			isa = XCBuildConfiguration;
			buildSettings = {
				ALWAYS_SEARCH_USER_PATHS = NO;
				CLANG_ANALYZER_NONNULL = YES;
				CLANG_ANALYZER_NUMBER_OBJECT_CONVERSION = YES_AGGRESSIVE;
				CLANG_CXX_LANGUAGE_STANDARD = "gnu++14";
				CLANG_CXX_LIBRARY = "libc++";
				CLANG_ENABLE_MODULES = YES;
				CLANG_ENABLE_OBJC_ARC = YES;
				CLANG_ENABLE_OBJC_WEAK = YES;
				CLANG_WARN_BLOCK_CAPTURE_AUTORELEASING = YES;
				CLANG_WARN_BOOL_CONVERSION = YES;
				CLANG_WARN_COMMA = YES;
				CLANG_WARN_CONSTANT_CONVERSION = YES;
				CLANG_WARN_DEPRECATED_OBJC_IMPLEMENTATIONS = YES;
				CLANG_WARN_DIRECT_OBJC_ISA_USAGE = YES_ERROR;
				CLANG_WARN_DOCUMENTATION_COMMENTS = YES;
				CLANG_WARN_EMPTY_BODY = YES;
				CLANG_WARN_ENUM_CONVERSION = YES;
				CLANG_WARN_INFINITE_RECURSION = YES;
				CLANG_WARN_INT_CONVERSION = YES;
				CLANG_WARN_NON_LITERAL_NULL_CONVERSION = YES;
				CLANG_WARN_OBJC_IMPLICIT_RETAIN_SELF = YES;
				CLANG_WARN_OBJC_LITERAL_CONVERSION = YES;
				CLANG_WARN_OBJC_ROOT_CLASS = YES_ERROR;
				CLANG_WARN_RANGE_LOOP_ANALYSIS = YES;
				CLANG_WARN_STRICT_PROTOTYPES = YES;
				CLANG_WARN_SUSPICIOUS_MOVE = YES;
				CLANG_WARN_UNGUARDED_AVAILABILITY = YES_AGGRESSIVE;
				CLANG_WARN_UNREACHABLE_CODE = YES;
				CLANG_WARN__DUPLICATE_METHOD_MATCH = YES;
				COPY_PHASE_STRIP = NO;
				DEBUG_INFORMATION_FORMAT = "dwarf-with-dsym";
				ENABLE_NS_ASSERTIONS = NO;
				ENABLE_STRICT_OBJC_MSGSEND = YES;
				GCC_C_LANGUAGE_STANDARD = gnu11;
				GCC_NO_COMMON_BLOCKS = YES;
				GCC_WARN_64_TO_32_BIT_CONVERSION = YES;
				GCC_WARN_ABOUT_RETURN_TYPE = YES_ERROR;
				GCC_WARN_UNDECLARED_SELECTOR = YES;
				GCC_WARN_UNINITIALIZED_AUTOS = YES_AGGRESSIVE;
				GCC_WARN_UNUSED_FUNCTION = YES;
				GCC_WARN_UNUSED_VARIABLE = YES;
				IPHONEOS_DEPLOYMENT_TARGET = 13.7;
				MTL_ENABLE_DEBUG_INFO = NO;
				MTL_FAST_MATH = YES;
				SDKROOT = iphoneos;
				SWIFT_COMPILATION_MODE = wholemodule;
				SWIFT_OPTIMIZATION_LEVEL = "-O";
				VALIDATE_PRODUCT = YES;
			};
			name = Release;
		};
		5AC79F4B25142BAD00FD1D88 /* Debug */ = {
			isa = XCBuildConfiguration;
			buildSettings = {
				ASSETCATALOG_COMPILER_APPICON_NAME = AppIcon;
				CODE_SIGN_STYLE = Automatic;
				INFOPLIST_FILE = Hogwarts/Resources/Info.plist;
				LD_RUNPATH_SEARCH_PATHS = (
					"$(inherited)",
					"@executable_path/Frameworks",
				);
				PRODUCT_BUNDLE_IDENTIFIER = com.example.Hogwarts;
				PRODUCT_NAME = "$(TARGET_NAME)";
				SWIFT_VERSION = 5.0;
				TARGETED_DEVICE_FAMILY = "1,2";
			};
			name = Debug;
		};
		5AC79F4C25142BAD00FD1D88 /* Release */ = {
			isa = XCBuildConfiguration;
			buildSettings = {
				ASSETCATALOG_COMPILER_APPICON_NAME = AppIcon;
				CODE_SIGN_STYLE = Automatic;
				INFOPLIST_FILE = Hogwarts/Resources/Info.plist;
				LD_RUNPATH_SEARCH_PATHS = (
					"$(inherited)",
					"@executable_path/Frameworks",
				);
				PRODUCT_BUNDLE_IDENTIFIER = com.example.Hogwarts;
				PRODUCT_NAME = "$(TARGET_NAME)";
				SWIFT_VERSION = 5.0;
				TARGETED_DEVICE_FAMILY = "1,2";
			};
			name = Release;
		};
/* End XCBuildConfiguration section */

/* Begin XCConfigurationList section */
		5AC79F2E25142BA700FD1D88 /* Build configuration list for PBXProject "Hogwarts" */ = {
			isa = XCConfigurationList;
			buildConfigurations = (
				5AC79F4825142BAD00FD1D88 /* Debug */,
				5AC79F4925142BAD00FD1D88 /* Release */,
			);
			defaultConfigurationIsVisible = 0;
			defaultConfigurationName = Release;
		};
		5AC79F4A25142BAD00FD1D88 /* Build configuration list for PBXNativeTarget "Hogwarts" */ = {
			isa = XCConfigurationList;
			buildConfigurations = (
				5AC79F4B25142BAD00FD1D88 /* Debug */,
				5AC79F4C25142BAD00FD1D88 /* Release */,
			);
			defaultConfigurationIsVisible = 0;
			defaultConfigurationName = Release;
		};
/* End XCConfigurationList section */

/* Begin XCVersionGroup section */
		5AC79F3F25142BA700FD1D88 /* Hogwarts.xcdatamodeld */ = {
			isa = XCVersionGroup;
			children = (
				5AC79F4025142BA700FD1D88 /* Hogwarts.xcdatamodel */,
			);
			currentVersion = 5AC79F4025142BA700FD1D88 /* Hogwarts.xcdatamodel */;
			path = Hogwarts.xcdatamodeld;
			sourceTree = "<group>";
			versionGroupType = wrapper.xcdatamodel;
		};
/* End XCVersionGroup section */
	};
	rootObject = 5AC79F2B25142BA700FD1D88 /* Project object */;
}
